
Microsoft Visual Studio Solution File, Format Version 12.00
# Visual Studio Version 17
VisualStudioVersion = 17.14.36408.4 d17.14
MinimumVisualStudioVersion = 10.0.40219.1
Project("{FAE04EC0-301F-11D3-BF4B-00C04F79EFBC}") = "EntryPoint", "EntryPoint\EntryPoint.csproj", "{0486FB5B-CF86-4E6B-AFC2-AF15B7F5E36F}"
EndProject
Project("{FAE04EC0-301F-11D3-BF4B-00C04F79EFBC}") = "Infrastructure", "Infrastructure\Infrastructure.csproj", "{202703A7-E957-4DE5-8366-3CED56E18C27}"
EndProject
Project("{FAE04EC0-301F-11D3-BF4B-00C04F79EFBC}") = "Application", "Application\Application.csproj", "{7616C044-EEA2-47BC-B052-68A26DD86F60}"
EndProject
Project("{FAE04EC0-301F-11D3-BF4B-00C04F79EFBC}") = "Domain", "Domain\Domain.csproj", "{8376F0F8-DF43-4CD0-954C-9933DDF5A50E}"
EndProject
Global
	GlobalSection(SolutionConfigurationPlatforms) = preSolution
		Debug|Any CPU = Debug|Any CPU
		Release|Any CPU = Release|Any CPU
	EndGlobalSection
	GlobalSection(ProjectConfigurationPlatforms) = postSolution
		{0486FB5B-CF86-4E6B-AFC2-AF15B7F5E36F}.Debug|Any CPU.ActiveCfg = Debug|Any CPU
		{0486FB5B-CF86-4E6B-AFC2-AF15B7F5E36F}.Debug|Any CPU.Build.0 = Debug|Any CPU
		{0486FB5B-CF86-4E6B-AFC2-AF15B7F5E36F}.Release|Any CPU.ActiveCfg = Release|Any CPU
		{0486FB5B-CF86-4E6B-AFC2-AF15B7F5E36F}.Release|Any CPU.Build.0 = Release|Any CPU
		{202703A7-E957-4DE5-8366-3CED56E18C27}.Debug|Any CPU.ActiveCfg = Debug|Any CPU
		{202703A7-E957-4DE5-8366-3CED56E18C27}.Debug|Any CPU.Build.0 = Debug|Any CPU
		{202703A7-E957-4DE5-8366-3CED56E18C27}.Release|Any CPU.ActiveCfg = Release|Any CPU
		{202703A7-E957-4DE5-8366-3CED56E18C27}.Release|Any CPU.Build.0 = Release|Any CPU
		{7616C044-EEA2-47BC-B052-68A26DD86F60}.Debug|Any CPU.ActiveCfg = Debug|Any CPU
		{7616C044-EEA2-47BC-B052-68A26DD86F60}.Debug|Any CPU.Build.0 = Debug|Any CPU
		{7616C044-EEA2-47BC-B052-68A26DD86F60}.Release|Any CPU.ActiveCfg = Release|Any CPU
		{7616C044-EEA2-47BC-B052-68A26DD86F60}.Release|Any CPU.Build.0 = Release|Any CPU
		{8376F0F8-DF43-4CD0-954C-9933DDF5A50E}.Debug|Any CPU.ActiveCfg = Debug|Any CPU
		{8376F0F8-DF43-4CD0-954C-9933DDF5A50E}.Debug|Any CPU.Build.0 = Debug|Any CPU
		{8376F0F8-DF43-4CD0-954C-9933DDF5A50E}.Release|Any CPU.ActiveCfg = Release|Any CPU
		{8376F0F8-DF43-4CD0-954C-9933DDF5A50E}.Release|Any CPU.Build.0 = Release|Any CPU
	EndGlobalSection
	GlobalSection(SolutionProperties) = preSolution
		HideSolutionNode = FALSE
	EndGlobalSection
	GlobalSection(ExtensibilityGlobals) = postSolution
		SolutionGuid = {998B1EB0-A462-4037-8AD4-26CB45056428}
	EndGlobalSection
EndGlobal
